
Microsoft Visual Studio Solution File, Format Version 12.00
# Visual Studio Version 17
VisualStudioVersion = 17.6.33723.286
MinimumVisualStudioVersion = 10.0.40219.1
Project("{FAE04EC0-301F-11D3-BF4B-00C04F79EFBC}") = "BMOS-Winform", "BMOS-Winform\BMOS-Winform.csproj", "{D35CDECF-1D7E-4C9A-BBC8-F7590FFFAA86}"
EndProject
Global
	GlobalSection(SolutionConfigurationPlatforms) = preSolution
		Debug|Any CPU = Debug|Any CPU
		Release|Any CPU = Release|Any CPU
	EndGlobalSection
	GlobalSection(ProjectConfigurationPlatforms) = postSolution
		{D35CDECF-1D7E-4C9A-BBC8-F7590FFFAA86}.Debug|Any CPU.ActiveCfg = Debug|Any CPU
		{D35CDECF-1D7E-4C9A-BBC8-F7590FFFAA86}.Debug|Any CPU.Build.0 = Debug|Any CPU
		{D35CDECF-1D7E-4C9A-BBC8-F7590FFFAA86}.Release|Any CPU.ActiveCfg = Release|Any CPU
		{D35CDECF-1D7E-4C9A-BBC8-F7590FFFAA86}.Release|Any CPU.Build.0 = Release|Any CPU
	EndGlobalSection
	GlobalSection(SolutionProperties) = preSolution
		HideSolutionNode = FALSE
	EndGlobalSection
	GlobalSection(ExtensibilityGlobals) = postSolution
		SolutionGuid = {7866C34B-34B6-4D59-82F2-BED227B82751}
	EndGlobalSection
EndGlobal
